
Microsoft Visual Studio Solution File, Format Version 11.0
# Visual Studio 2010
Project("{FAE04EC0-301F-11D3-BF4B-00C04F79EFBC}") = "NadsHank.CSharp", "NadsHank.CSharp.csproj", "{F7F3C22D-AE45-64E8-C787-E769C9DC9BE7}"
EndProject
Project("{FAE04EC0-301F-11D3-BF4B-00C04F79EFBC}") = "SharpCom", "SharpCom\SharpCom.csproj", "{68BF658B-A555-4CC0-AF57-ACD5E5933A5F}"
EndProject
Global
	GlobalSection(SolutionConfigurationPlatforms) = preSolution
		Debug|Any CPU = Debug|Any CPU
		Release|Any CPU = Release|Any CPU
	EndGlobalSection
	GlobalSection(ProjectConfigurationPlatforms) = postSolution
		{F7F3C22D-AE45-64E8-C787-E769C9DC9BE7}.Debug|Any CPU.ActiveCfg = Debug|Any CPU
		{F7F3C22D-AE45-64E8-C787-E769C9DC9BE7}.Debug|Any CPU.Build.0 = Debug|Any CPU
		{F7F3C22D-AE45-64E8-C787-E769C9DC9BE7}.Release|Any CPU.ActiveCfg = Release|Any CPU
		{F7F3C22D-AE45-64E8-C787-E769C9DC9BE7}.Release|Any CPU.Build.0 = Release|Any CPU
		{68BF658B-A555-4CC0-AF57-ACD5E5933A5F}.Debug|Any CPU.ActiveCfg = Debug|Any CPU
		{68BF658B-A555-4CC0-AF57-ACD5E5933A5F}.Debug|Any CPU.Build.0 = Debug|Any CPU
		{68BF658B-A555-4CC0-AF57-ACD5E5933A5F}.Release|Any CPU.ActiveCfg = Release|Any CPU
		{68BF658B-A555-4CC0-AF57-ACD5E5933A5F}.Release|Any CPU.Build.0 = Release|Any CPU
	EndGlobalSection
	GlobalSection(SolutionProperties) = preSolution
		HideSolutionNode = FALSE
	EndGlobalSection
EndGlobal
